
Microsoft Visual Studio Solution File, Format Version 12.00
# Visual Studio 2012
Project("{FAE04EC0-301F-11D3-BF4B-00C04F79EFBC}") = "ClassBrowserPlus", "ClassBrowserPlus\ClassBrowserPlus.csproj", "{A4D42036-9678-4A8D-A653-9DB87C97CECE}"
EndProject
Global
	GlobalSection(SolutionConfigurationPlatforms) = preSolution
		Debug|Any CPU = Debug|Any CPU
		Debug|ARM = Debug|ARM
		Debug|x64 = Debug|x64
		Debug|x86 = Debug|x86
		Release|Any CPU = Release|Any CPU
		Release|ARM = Release|ARM
		Release|x64 = Release|x64
		Release|x86 = Release|x86
	EndGlobalSection
	GlobalSection(ProjectConfigurationPlatforms) = postSolution
		{A4D42036-9678-4A8D-A653-9DB87C97CECE}.Debug|Any CPU.ActiveCfg = Debug|Any CPU
		{A4D42036-9678-4A8D-A653-9DB87C97CECE}.Debug|Any CPU.Build.0 = Debug|Any CPU
		{A4D42036-9678-4A8D-A653-9DB87C97CECE}.Debug|Any CPU.Deploy.0 = Debug|Any CPU
		{A4D42036-9678-4A8D-A653-9DB87C97CECE}.Debug|ARM.ActiveCfg = Debug|ARM
		{A4D42036-9678-4A8D-A653-9DB87C97CECE}.Debug|ARM.Build.0 = Debug|ARM
		{A4D42036-9678-4A8D-A653-9DB87C97CECE}.Debug|ARM.Deploy.0 = Debug|ARM
		{A4D42036-9678-4A8D-A653-9DB87C97CECE}.Debug|x64.ActiveCfg = Debug|x64
		{A4D42036-9678-4A8D-A653-9DB87C97CECE}.Debug|x64.Build.0 = Debug|x64
		{A4D42036-9678-4A8D-A653-9DB87C97CECE}.Debug|x64.Deploy.0 = Debug|x64
		{A4D42036-9678-4A8D-A653-9DB87C97CECE}.Debug|x86.ActiveCfg = Debug|x86
		{A4D42036-9678-4A8D-A653-9DB87C97CECE}.Debug|x86.Build.0 = Debug|x86
		{A4D42036-9678-4A8D-A653-9DB87C97CECE}.Debug|x86.Deploy.0 = Debug|x86
		{A4D42036-9678-4A8D-A653-9DB87C97CECE}.Release|Any CPU.ActiveCfg = Release|Any CPU
		{A4D42036-9678-4A8D-A653-9DB87C97CECE}.Release|Any CPU.Build.0 = Release|Any CPU
		{A4D42036-9678-4A8D-A653-9DB87C97CECE}.Release|Any CPU.Deploy.0 = Release|Any CPU
		{A4D42036-9678-4A8D-A653-9DB87C97CECE}.Release|ARM.ActiveCfg = Release|ARM
		{A4D42036-9678-4A8D-A653-9DB87C97CECE}.Release|ARM.Build.0 = Release|ARM
		{A4D42036-9678-4A8D-A653-9DB87C97CECE}.Release|ARM.Deploy.0 = Release|ARM
		{A4D42036-9678-4A8D-A653-9DB87C97CECE}.Release|x64.ActiveCfg = Release|x64
		{A4D42036-9678-4A8D-A653-9DB87C97CECE}.Release|x64.Build.0 = Release|x64
		{A4D42036-9678-4A8D-A653-9DB87C97CECE}.Release|x64.Deploy.0 = Release|x64
		{A4D42036-9678-4A8D-A653-9DB87C97CECE}.Release|x86.ActiveCfg = Release|x86
		{A4D42036-9678-4A8D-A653-9DB87C97CECE}.Release|x86.Build.0 = Release|x86
		{A4D42036-9678-4A8D-A653-9DB87C97CECE}.Release|x86.Deploy.0 = Release|x86
	EndGlobalSection
	GlobalSection(SolutionProperties) = preSolution
		HideSolutionNode = FALSE
	EndGlobalSection
EndGlobal
